
Microsoft Visual Studio Solution File, Format Version 12.00
# Visual Studio Version 17
VisualStudioVersion = 17.5.33516.290
MinimumVisualStudioVersion = 10.0.40219.1
Project("{FAE04EC0-301F-11D3-BF4B-00C04F79EFBC}") = "ListViewExample.Android", "ListViewExample\ListViewExample.Android\ListViewExample.Android.csproj", "{0518BBED-6432-4B7F-B092-8D4A0F986FF4}"
EndProject
Project("{FAE04EC0-301F-11D3-BF4B-00C04F79EFBC}") = "ListViewExample.iOS", "ListViewExample\ListViewExample.iOS\ListViewExample.iOS.csproj", "{103E63A6-6C05-4D71-9E90-40ADDF3EBA78}"
EndProject
Project("{FAE04EC0-301F-11D3-BF4B-00C04F79EFBC}") = "ListViewExample", "ListViewExample\ListViewExample\ListViewExample.csproj", "{BA46979C-DB9D-49C5-BB70-61B23C320B13}"
EndProject
Global
	GlobalSection(SolutionConfigurationPlatforms) = preSolution
		Debug|Any CPU = Debug|Any CPU
		Debug|iPhone = Debug|iPhone
		Debug|iPhoneSimulator = Debug|iPhoneSimulator
		Release|Any CPU = Release|Any CPU
		Release|iPhone = Release|iPhone
		Release|iPhoneSimulator = Release|iPhoneSimulator
	EndGlobalSection
	GlobalSection(ProjectConfigurationPlatforms) = postSolution
		{0518BBED-6432-4B7F-B092-8D4A0F986FF4}.Debug|Any CPU.ActiveCfg = Debug|Any CPU
		{0518BBED-6432-4B7F-B092-8D4A0F986FF4}.Debug|Any CPU.Build.0 = Debug|Any CPU
		{0518BBED-6432-4B7F-B092-8D4A0F986FF4}.Debug|Any CPU.Deploy.0 = Debug|Any CPU
		{0518BBED-6432-4B7F-B092-8D4A0F986FF4}.Debug|iPhone.ActiveCfg = Debug|Any CPU
		{0518BBED-6432-4B7F-B092-8D4A0F986FF4}.Debug|iPhone.Build.0 = Debug|Any CPU
		{0518BBED-6432-4B7F-B092-8D4A0F986FF4}.Debug|iPhone.Deploy.0 = Debug|Any CPU
		{0518BBED-6432-4B7F-B092-8D4A0F986FF4}.Debug|iPhoneSimulator.ActiveCfg = Debug|Any CPU
		{0518BBED-6432-4B7F-B092-8D4A0F986FF4}.Debug|iPhoneSimulator.Build.0 = Debug|Any CPU
		{0518BBED-6432-4B7F-B092-8D4A0F986FF4}.Debug|iPhoneSimulator.Deploy.0 = Debug|Any CPU
		{0518BBED-6432-4B7F-B092-8D4A0F986FF4}.Release|Any CPU.ActiveCfg = Release|Any CPU
		{0518BBED-6432-4B7F-B092-8D4A0F986FF4}.Release|Any CPU.Build.0 = Release|Any CPU
		{0518BBED-6432-4B7F-B092-8D4A0F986FF4}.Release|Any CPU.Deploy.0 = Release|Any CPU
		{0518BBED-6432-4B7F-B092-8D4A0F986FF4}.Release|iPhone.ActiveCfg = Release|Any CPU
		{0518BBED-6432-4B7F-B092-8D4A0F986FF4}.Release|iPhone.Build.0 = Release|Any CPU
		{0518BBED-6432-4B7F-B092-8D4A0F986FF4}.Release|iPhone.Deploy.0 = Release|Any CPU
		{0518BBED-6432-4B7F-B092-8D4A0F986FF4}.Release|iPhoneSimulator.ActiveCfg = Release|Any CPU
		{0518BBED-6432-4B7F-B092-8D4A0F986FF4}.Release|iPhoneSimulator.Build.0 = Release|Any CPU
		{0518BBED-6432-4B7F-B092-8D4A0F986FF4}.Release|iPhoneSimulator.Deploy.0 = Release|Any CPU
		{103E63A6-6C05-4D71-9E90-40ADDF3EBA78}.Debug|Any CPU.ActiveCfg = Debug|iPhone
		{103E63A6-6C05-4D71-9E90-40ADDF3EBA78}.Debug|Any CPU.Build.0 = Debug|iPhone
		{103E63A6-6C05-4D71-9E90-40ADDF3EBA78}.Debug|Any CPU.Deploy.0 = Debug|iPhone
		{103E63A6-6C05-4D71-9E90-40ADDF3EBA78}.Debug|iPhone.ActiveCfg = Debug|iPhone
		{103E63A6-6C05-4D71-9E90-40ADDF3EBA78}.Debug|iPhone.Build.0 = Debug|iPhone
		{103E63A6-6C05-4D71-9E90-40ADDF3EBA78}.Debug|iPhone.Deploy.0 = Debug|iPhone
		{103E63A6-6C05-4D71-9E90-40ADDF3EBA78}.Debug|iPhoneSimulator.ActiveCfg = Debug|iPhoneSimulator
		{103E63A6-6C05-4D71-9E90-40ADDF3EBA78}.Debug|iPhoneSimulator.Build.0 = Debug|iPhoneSimulator
		{103E63A6-6C05-4D71-9E90-40ADDF3EBA78}.Debug|iPhoneSimulator.Deploy.0 = Debug|iPhoneSimulator
		{103E63A6-6C05-4D71-9E90-40ADDF3EBA78}.Release|Any CPU.ActiveCfg = Release|iPhoneSimulator
		{103E63A6-6C05-4D71-9E90-40ADDF3EBA78}.Release|Any CPU.Build.0 = Release|iPhoneSimulator
		{103E63A6-6C05-4D71-9E90-40ADDF3EBA78}.Release|Any CPU.Deploy.0 = Release|iPhoneSimulator
		{103E63A6-6C05-4D71-9E90-40ADDF3EBA78}.Release|iPhone.ActiveCfg = Release|iPhone
		{103E63A6-6C05-4D71-9E90-40ADDF3EBA78}.Release|iPhone.Build.0 = Release|iPhone
		{103E63A6-6C05-4D71-9E90-40ADDF3EBA78}.Release|iPhone.Deploy.0 = Release|iPhone
		{103E63A6-6C05-4D71-9E90-40ADDF3EBA78}.Release|iPhoneSimulator.ActiveCfg = Release|iPhoneSimulator
		{103E63A6-6C05-4D71-9E90-40ADDF3EBA78}.Release|iPhoneSimulator.Build.0 = Release|iPhoneSimulator
		{103E63A6-6C05-4D71-9E90-40ADDF3EBA78}.Release|iPhoneSimulator.Deploy.0 = Release|iPhoneSimulator
		{BA46979C-DB9D-49C5-BB70-61B23C320B13}.Debug|Any CPU.ActiveCfg = Debug|Any CPU
		{BA46979C-DB9D-49C5-BB70-61B23C320B13}.Debug|Any CPU.Build.0 = Debug|Any CPU
		{BA46979C-DB9D-49C5-BB70-61B23C320B13}.Debug|Any CPU.Deploy.0 = Debug|Any CPU
		{BA46979C-DB9D-49C5-BB70-61B23C320B13}.Debug|iPhone.ActiveCfg = Debug|Any CPU
		{BA46979C-DB9D-49C5-BB70-61B23C320B13}.Debug|iPhone.Build.0 = Debug|Any CPU
		{BA46979C-DB9D-49C5-BB70-61B23C320B13}.Debug|iPhone.Deploy.0 = Debug|Any CPU
		{BA46979C-DB9D-49C5-BB70-61B23C320B13}.Debug|iPhoneSimulator.ActiveCfg = Debug|Any CPU
		{BA46979C-DB9D-49C5-BB70-61B23C320B13}.Debug|iPhoneSimulator.Build.0 = Debug|Any CPU
		{BA46979C-DB9D-49C5-BB70-61B23C320B13}.Debug|iPhoneSimulator.Deploy.0 = Debug|Any CPU
		{BA46979C-DB9D-49C5-BB70-61B23C320B13}.Release|Any CPU.ActiveCfg = Release|Any CPU
		{BA46979C-DB9D-49C5-BB70-61B23C320B13}.Release|Any CPU.Build.0 = Release|Any CPU
		{BA46979C-DB9D-49C5-BB70-61B23C320B13}.Release|Any CPU.Deploy.0 = Release|Any CPU
		{BA46979C-DB9D-49C5-BB70-61B23C320B13}.Release|iPhone.ActiveCfg = Release|Any CPU
		{BA46979C-DB9D-49C5-BB70-61B23C320B13}.Release|iPhone.Build.0 = Release|Any CPU
		{BA46979C-DB9D-49C5-BB70-61B23C320B13}.Release|iPhone.Deploy.0 = Release|Any CPU
		{BA46979C-DB9D-49C5-BB70-61B23C320B13}.Release|iPhoneSimulator.ActiveCfg = Release|Any CPU
		{BA46979C-DB9D-49C5-BB70-61B23C320B13}.Release|iPhoneSimulator.Build.0 = Release|Any CPU
		{BA46979C-DB9D-49C5-BB70-61B23C320B13}.Release|iPhoneSimulator.Deploy.0 = Release|Any CPU
	EndGlobalSection
	GlobalSection(SolutionProperties) = preSolution
		HideSolutionNode = FALSE
	EndGlobalSection
	GlobalSection(ExtensibilityGlobals) = postSolution
		SolutionGuid = {0F8A829C-942D-4C94-B944-84EB96C180E6}
	EndGlobalSection
EndGlobal
